
Microsoft Visual Studio Solution File, Format Version 12.00
# Visual Studio Version 17
VisualStudioVersion = 17.8.34205.153
MinimumVisualStudioVersion = 10.0.40219.1
Project("{6EC3EE1D-3C4E-46DD-8F32-0CC8E7565705}") = "StarTrek", "StarTrek\StarTrek.fsproj", "{C72F2B9B-9CFB-42C1-B7CF-982C8D74C9C6}"
EndProject
Project("{9A19103F-16F7-4668-BE54-9A1E7A4F7556}") = "Scratch", "Scratch\Scratch.csproj", "{4459830C-934D-4847-950E-D5FB8BC9FA35}"
EndProject
Project("{F2A71F9B-5D33-465A-A702-920D77279786}") = "Play", "Play\Play.fsproj", "{0E214760-6588-427D-AB86-1E59C91ACA71}"
EndProject
Global
	GlobalSection(SolutionConfigurationPlatforms) = preSolution
		Debug|Any CPU = Debug|Any CPU
		Release|Any CPU = Release|Any CPU
	EndGlobalSection
	GlobalSection(ProjectConfigurationPlatforms) = postSolution
		{C72F2B9B-9CFB-42C1-B7CF-982C8D74C9C6}.Debug|Any CPU.ActiveCfg = Debug|Any CPU
		{C72F2B9B-9CFB-42C1-B7CF-982C8D74C9C6}.Debug|Any CPU.Build.0 = Debug|Any CPU
		{C72F2B9B-9CFB-42C1-B7CF-982C8D74C9C6}.Release|Any CPU.ActiveCfg = Release|Any CPU
		{C72F2B9B-9CFB-42C1-B7CF-982C8D74C9C6}.Release|Any CPU.Build.0 = Release|Any CPU
		{4459830C-934D-4847-950E-D5FB8BC9FA35}.Debug|Any CPU.ActiveCfg = Debug|Any CPU
		{4459830C-934D-4847-950E-D5FB8BC9FA35}.Debug|Any CPU.Build.0 = Debug|Any CPU
		{4459830C-934D-4847-950E-D5FB8BC9FA35}.Release|Any CPU.ActiveCfg = Release|Any CPU
		{4459830C-934D-4847-950E-D5FB8BC9FA35}.Release|Any CPU.Build.0 = Release|Any CPU
		{0E214760-6588-427D-AB86-1E59C91ACA71}.Debug|Any CPU.ActiveCfg = Debug|Any CPU
		{0E214760-6588-427D-AB86-1E59C91ACA71}.Debug|Any CPU.Build.0 = Debug|Any CPU
		{0E214760-6588-427D-AB86-1E59C91ACA71}.Release|Any CPU.ActiveCfg = Release|Any CPU
		{0E214760-6588-427D-AB86-1E59C91ACA71}.Release|Any CPU.Build.0 = Release|Any CPU
	EndGlobalSection
	GlobalSection(SolutionProperties) = preSolution
		HideSolutionNode = FALSE
	EndGlobalSection
	GlobalSection(ExtensibilityGlobals) = postSolution
		SolutionGuid = {E5525D2F-F05E-49F9-9034-68B5F6E6F9FE}
	EndGlobalSection
EndGlobal
